
Microsoft Visual Studio Solution File, Format Version 12.00
# Visual Studio Version 17
VisualStudioVersion = 17.3.32929.385
MinimumVisualStudioVersion = 10.0.40219.1
Project("{FAE04EC0-301F-11D3-BF4B-00C04F79EFBC}") = "Products_Mangement_System", "Products_Mangement_System\Products_Mangement_System.csproj", "{3D5EBCA2-6DEC-4ADC-8620-1D0D9A5089B1}"
EndProject
Global
	GlobalSection(SolutionConfigurationPlatforms) = preSolution
		Debug|Any CPU = Debug|Any CPU
		Release|Any CPU = Release|Any CPU
	EndGlobalSection
	GlobalSection(ProjectConfigurationPlatforms) = postSolution
		{3D5EBCA2-6DEC-4ADC-8620-1D0D9A5089B1}.Debug|Any CPU.ActiveCfg = Debug|Any CPU
		{3D5EBCA2-6DEC-4ADC-8620-1D0D9A5089B1}.Debug|Any CPU.Build.0 = Debug|Any CPU
		{3D5EBCA2-6DEC-4ADC-8620-1D0D9A5089B1}.Release|Any CPU.ActiveCfg = Release|Any CPU
		{3D5EBCA2-6DEC-4ADC-8620-1D0D9A5089B1}.Release|Any CPU.Build.0 = Release|Any CPU
	EndGlobalSection
	GlobalSection(SolutionProperties) = preSolution
		HideSolutionNode = FALSE
	EndGlobalSection
	GlobalSection(ExtensibilityGlobals) = postSolution
		SolutionGuid = {F78784CB-90C7-4660-8B6A-C82957133EF6}
	EndGlobalSection
EndGlobal
